
Microsoft Visual Studio Solution File, Format Version 12.00
# Visual Studio Version 17
VisualStudioVersion = 17.0.31903.59
MinimumVisualStudioVersion = 10.0.40219.1
Project("{FAE04EC0-301F-11D3-BF4B-00C04F79EFBC}") = "testingReflections", "testingReflections\testingReflections.csproj", "{0F1FEBBB-8B4B-41AD-949B-C0AF44C8A49D}"
EndProject
Project("{FAE04EC0-301F-11D3-BF4B-00C04F79EFBC}") = "testingReflections.Tests", "testingReflections.Tests\testingReflections.Tests.csproj", "{00FEDA05-8A71-403E-AB83-0C8C675A5388}"
EndProject
Global
	GlobalSection(SolutionConfigurationPlatforms) = preSolution
		Debug|Any CPU = Debug|Any CPU
		Release|Any CPU = Release|Any CPU
	EndGlobalSection
	GlobalSection(SolutionProperties) = preSolution
		HideSolutionNode = FALSE
	EndGlobalSection
	GlobalSection(ProjectConfigurationPlatforms) = postSolution
		{0F1FEBBB-8B4B-41AD-949B-C0AF44C8A49D}.Debug|Any CPU.ActiveCfg = Debug|Any CPU
		{0F1FEBBB-8B4B-41AD-949B-C0AF44C8A49D}.Debug|Any CPU.Build.0 = Debug|Any CPU
		{0F1FEBBB-8B4B-41AD-949B-C0AF44C8A49D}.Release|Any CPU.ActiveCfg = Release|Any CPU
		{0F1FEBBB-8B4B-41AD-949B-C0AF44C8A49D}.Release|Any CPU.Build.0 = Release|Any CPU
		{00FEDA05-8A71-403E-AB83-0C8C675A5388}.Debug|Any CPU.ActiveCfg = Debug|Any CPU
		{00FEDA05-8A71-403E-AB83-0C8C675A5388}.Debug|Any CPU.Build.0 = Debug|Any CPU
		{00FEDA05-8A71-403E-AB83-0C8C675A5388}.Release|Any CPU.ActiveCfg = Release|Any CPU
		{00FEDA05-8A71-403E-AB83-0C8C675A5388}.Release|Any CPU.Build.0 = Release|Any CPU
	EndGlobalSection
EndGlobal
